
Microsoft Visual Studio Solution File, Format Version 12.00
# Visual Studio Version 17
VisualStudioVersion = 17.1.32407.343
MinimumVisualStudioVersion = 10.0.40219.1
Project("{FAE04EC0-301F-11D3-BF4B-00C04F79EFBC}") = "webapp", "webapp\webapp.csproj", "{CA52BC4A-1F16-4063-AD51-EF58740E716E}"
EndProject
Global
	GlobalSection(SolutionConfigurationPlatforms) = preSolution
		Debug|Any CPU = Debug|Any CPU
		Release|Any CPU = Release|Any CPU
	EndGlobalSection
	GlobalSection(ProjectConfigurationPlatforms) = postSolution
		{CA52BC4A-1F16-4063-AD51-EF58740E716E}.Debug|Any CPU.ActiveCfg = Debug|Any CPU
		{CA52BC4A-1F16-4063-AD51-EF58740E716E}.Debug|Any CPU.Build.0 = Debug|Any CPU
		{CA52BC4A-1F16-4063-AD51-EF58740E716E}.Release|Any CPU.ActiveCfg = Release|Any CPU
		{CA52BC4A-1F16-4063-AD51-EF58740E716E}.Release|Any CPU.Build.0 = Release|Any CPU
	EndGlobalSection
	GlobalSection(SolutionProperties) = preSolution
		HideSolutionNode = FALSE
	EndGlobalSection
	GlobalSection(ExtensibilityGlobals) = postSolution
		SolutionGuid = {B3063789-A9EF-4A7E-B823-897F81DE008E}
	EndGlobalSection
EndGlobal
